
Microsoft Visual Studio Solution File, Format Version 12.00
# Visual Studio Version 17
VisualStudioVersion = 17.2.32616.157
MinimumVisualStudioVersion = 10.0.40219.1
Project("{FAE04EC0-301F-11D3-BF4B-00C04F79EFBC}") = "OnvifAgent", "OnvifAgent\OnvifAgent.csproj", "{86C5E092-A7F1-4D17-BA04-303B74ECE474}"
EndProject
Global
	GlobalSection(SolutionConfigurationPlatforms) = preSolution
		Debug|Any CPU = Debug|Any CPU
		Release|Any CPU = Release|Any CPU
	EndGlobalSection
	GlobalSection(ProjectConfigurationPlatforms) = postSolution
		{86C5E092-A7F1-4D17-BA04-303B74ECE474}.Debug|Any CPU.ActiveCfg = Debug|Any CPU
		{86C5E092-A7F1-4D17-BA04-303B74ECE474}.Debug|Any CPU.Build.0 = Debug|Any CPU
		{86C5E092-A7F1-4D17-BA04-303B74ECE474}.Release|Any CPU.ActiveCfg = Release|Any CPU
		{86C5E092-A7F1-4D17-BA04-303B74ECE474}.Release|Any CPU.Build.0 = Release|Any CPU
	EndGlobalSection
	GlobalSection(SolutionProperties) = preSolution
		HideSolutionNode = FALSE
	EndGlobalSection
	GlobalSection(ExtensibilityGlobals) = postSolution
		SolutionGuid = {FB503039-4FA2-41AA-8740-97285F6875CE}
	EndGlobalSection
EndGlobal
